{
  "name": "ng2-flatpickr",
  "version": "0.1.19",
  "lockfileVersion": 1,
  "requires": true,
  "dependencies": {
    "@angular/core": {
      "version": "2.4.10",
      "resolved": "https://registry.npmjs.org/@angular/core/-/core-2.4.10.tgz",
      "integrity": "sha1-C4MgplBlll2ZhkWx9c0892m0Qeo=",
      "dev": true
    },
    "@angular/forms": {
      "version": "2.4.10",
      "resolved": "https://registry.npmjs.org/@angular/forms/-/forms-2.4.10.tgz",
      "integrity": "sha1-BiEzqq3h87PJYvFZMgjFQbYi/QY=",
      "dev": true
    },
    "@types/node": {
      "version": "7.0.46",
      "resolved": "https://registry.npmjs.org/@types/node/-/node-7.0.46.tgz",
      "integrity": "sha512-u+JAi1KtmaUoU/EHJkxoiuvzyo91FCE41Z9TZWWcOUU3P8oUdlDLdrGzCGWySPgbRMD17B0B+1aaJLYI9egQ6A==",
      "dev": true
    },
    "flatpickr": {
      "version": "2.6.3",
      "resolved": "https://registry.npmjs.org/flatpickr/-/flatpickr-2.6.3.tgz",
      "integrity": "sha1-RXNXUy3rE189pktCW/RDVzeWFWQ="
    },
    "rxjs": {
      "version": "5.5.2",
      "resolved": "https://registry.npmjs.org/rxjs/-/rxjs-5.5.2.tgz",
      "integrity": "sha512-oRYoIKWBU3Ic37fLA5VJu31VqQO4bWubRntcHSJ+cwaDQBwdnZ9x4zmhJfm/nFQ2E82/I4loSioHnACamrKGgA==",
      "dev": true,
      "requires": {
        "symbol-observable": "1.0.4"
      }
    },
    "symbol-observable": {
      "version": "1.0.4",
      "resolved": "https://registry.npmjs.org/symbol-observable/-/symbol-observable-1.0.4.tgz",
      "integrity": "sha1-Kb9hXUqnEhvdiYsi1LP5vE4qoD0=",
      "dev": true
    },
    "typescript": {
      "version": "2.5.3",
      "resolved": "https://registry.npmjs.org/typescript/-/typescript-2.5.3.tgz",
      "integrity": "sha512-ptLSQs2S4QuS6/OD1eAKG+S5G8QQtrU5RT32JULdZQtM1L3WTi34Wsu48Yndzi8xsObRAB9RPt/KhA9wlpEF6w==",
      "dev": true
    },
    "zone.js": {
      "version": "0.7.8",
      "resolved": "https://registry.npmjs.org/zone.js/-/zone.js-0.7.8.tgz",
      "integrity": "sha1-Tz/og01EWX8mOQU6D6Q43zT//e0=",
      "dev": true
    }
  }
}
